
Microsoft Visual Studio Solution File, Format Version 12.00
# Visual Studio Version 17
VisualStudioVersion = 17.3.32819.101
MinimumVisualStudioVersion = 10.0.40219.1
Project("{FAE04EC0-301F-11D3-BF4B-00C04F79EFBC}") = "TipCalculator", "TipCalculator\TipCalculator.csproj", "{D790BDA9-C3CD-4BB1-A67C-9BD0450E9309}"
EndProject
Global
	GlobalSection(SolutionConfigurationPlatforms) = preSolution
		Debug|Any CPU = Debug|Any CPU
		Release|Any CPU = Release|Any CPU
	EndGlobalSection
	GlobalSection(ProjectConfigurationPlatforms) = postSolution
		{D790BDA9-C3CD-4BB1-A67C-9BD0450E9309}.Debug|Any CPU.ActiveCfg = Debug|Any CPU
		{D790BDA9-C3CD-4BB1-A67C-9BD0450E9309}.Debug|Any CPU.Build.0 = Debug|Any CPU
		{D790BDA9-C3CD-4BB1-A67C-9BD0450E9309}.Release|Any CPU.ActiveCfg = Release|Any CPU
		{D790BDA9-C3CD-4BB1-A67C-9BD0450E9309}.Release|Any CPU.Build.0 = Release|Any CPU
	EndGlobalSection
	GlobalSection(SolutionProperties) = preSolution
		HideSolutionNode = FALSE
	EndGlobalSection
	GlobalSection(ExtensibilityGlobals) = postSolution
		SolutionGuid = {3A93B031-32C6-4CFE-8387-F6AE8F16A5D1}
	EndGlobalSection
EndGlobal
